
Microsoft Visual Studio Solution File, Format Version 12.00
# Visual Studio Version 17
VisualStudioVersion = 17.7.34202.233
MinimumVisualStudioVersion = 10.0.40219.1
Project("{FAE04EC0-301F-11D3-BF4B-00C04F79EFBC}") = "NaturalNumbers", "NaturalNumbers\NaturalNumbers.csproj", "{40E2A3DB-42B8-4455-80DB-E1F0D4077894}"
EndProject
Global
	GlobalSection(SolutionConfigurationPlatforms) = preSolution
		Debug|Any CPU = Debug|Any CPU
		Release|Any CPU = Release|Any CPU
	EndGlobalSection
	GlobalSection(ProjectConfigurationPlatforms) = postSolution
		{40E2A3DB-42B8-4455-80DB-E1F0D4077894}.Debug|Any CPU.ActiveCfg = Debug|Any CPU
		{40E2A3DB-42B8-4455-80DB-E1F0D4077894}.Debug|Any CPU.Build.0 = Debug|Any CPU
		{40E2A3DB-42B8-4455-80DB-E1F0D4077894}.Release|Any CPU.ActiveCfg = Release|Any CPU
		{40E2A3DB-42B8-4455-80DB-E1F0D4077894}.Release|Any CPU.Build.0 = Release|Any CPU
	EndGlobalSection
	GlobalSection(SolutionProperties) = preSolution
		HideSolutionNode = FALSE
	EndGlobalSection
	GlobalSection(ExtensibilityGlobals) = postSolution
		SolutionGuid = {2955294D-4D85-4AB9-A6BC-4F1D1B1A2497}
	EndGlobalSection
EndGlobal
